# THIS IS AN AUTOGENERATED FILE. DO NOT EDIT THIS FILE DIRECTLY.
# yarn lockfile v1


"@types/mz@0.0.32":
  version "0.0.32"
  resolved "https://registry.yarnpkg.com/@types/mz/-/mz-0.0.32.tgz#e8248b4e41424c052edc1725dd33650c313a3659"
  integrity sha512-cy3yebKhrHuOcrJGkfwNHhpTXQLgmXSv1BX+4p32j+VUQ6aP2eJ5cL7OvGcAQx75fCTFaAIIAKewvqL+iwSd4g==
  dependencies:
    "@types/node" "*"

"@types/node@*":
  version "12.0.10"
  resolved "https://registry.yarnpkg.com/@types/node/-/node-12.0.10.tgz#51babf9c7deadd5343620055fc8aff7995c8b031"
  integrity sha512-LcsGbPomWsad6wmMNv7nBLw7YYYyfdYcz6xryKYQhx89c3XXan+8Q6AJ43G5XDIaklaVkK3mE4fCb0SBvMiPSQ==

"@types/semver@^6.0.0":
  version "6.0.1"
  resolved "https://registry.yarnpkg.com/@types/semver/-/semver-6.0.1.tgz#a984b405c702fa5a7ec6abc56b37f2ba35ef5af6"
  integrity sha512-ffCdcrEE5h8DqVxinQjo+2d1q+FV5z7iNtPofw3JsrltSoSVlOGaW0rY8XxtO9XukdTn8TaCGWmk2VFGhI70mg==

any-promise@^1.0.0:
  version "1.3.0"
  resolved "https://registry.yarnpkg.com/any-promise/-/any-promise-1.3.0.tgz#abc6afeedcea52e809cdc0376aed3ce39635d17f"
  integrity sha1-q8av7tzqUugJzcA3au0845Y10X8=

axios@^0.21.1:
  version "0.21.1"
  resolved "https://registry.yarnpkg.com/axios/-/axios-0.21.1.tgz#22563481962f4d6bde9a76d516ef0e5d3c09b2b8"
  integrity sha512-dKQiRHxGD9PPRIUNIWvZhPTPpl1rf/OxTYKsqKUDjBwYylTvV7SjSHJb9ratfyzM6wCdLCOYLzs73qpg5c4iGA==
  dependencies:
    follow-redirects "^1.10.0"

follow-redirects@^1.10.0:
  version "1.13.3"
  resolved "https://registry.yarnpkg.com/follow-redirects/-/follow-redirects-1.13.3.tgz#e5598ad50174c1bc4e872301e82ac2cd97f90267"
  integrity sha512-DUgl6+HDzB0iEptNQEXLx/KhTmDb8tZUHSeLqpnjpknR70H0nC2t9N73BK6fN4hOvJ84pKlIQVQ4k5FFlBedKA==

mz@^2.6.0:
  version "2.7.0"
  resolved "https://registry.yarnpkg.com/mz/-/mz-2.7.0.tgz#95008057a56cafadc2bc63dde7f9ff6955948e32"
  integrity sha512-z81GNO7nnYMEhrGh9LeymoE4+Yr0Wn5McHIZMK5cfQCl+NDX08sCZgUc9/6MHni9IWuFLm1Z3HTCXu2z9fN62Q==
  dependencies:
    any-promise "^1.0.0"
    object-assign "^4.0.1"
    thenify-all "^1.0.0"

ngx-pipes@^1.6.1:
  version "1.6.6"
  resolved "https://registry.yarnpkg.com/ngx-pipes/-/ngx-pipes-1.6.6.tgz#32bb80906c220f1e84d5cce7d6dae002cffead4b"
  integrity sha512-mRV0xOZDd6/Jlvti4W0pDepZRIHLHd3kZ6ZzdqyGCU0dxbKVWWLTR1jlNlxN1ruMk8eO0Y8lNh6a1bEW7dJP1w==

object-assign@^4.0.1:
  version "4.1.1"
  resolved "https://registry.yarnpkg.com/object-assign/-/object-assign-4.1.1.tgz#2109adc7965887cfc05cbbd442cac8bfbb360863"
  integrity sha1-IQmtx5ZYh8/AXLvUQsrIv7s2CGM=

semver@^6.1.0:
  version "6.1.2"
  resolved "https://registry.yarnpkg.com/semver/-/semver-6.1.2.tgz#079960381376a3db62eb2edc8a3bfb10c7cfe318"
  integrity sha512-z4PqiCpomGtWj8633oeAdXm1Kn1W++3T8epkZYnwiVgIYIJ0QHszhInYSJTYxebByQH7KVCEAn8R9duzZW2PhQ==

thenify-all@^1.0.0:
  version "1.6.0"
  resolved "https://registry.yarnpkg.com/thenify-all/-/thenify-all-1.6.0.tgz#1a1918d402d8fc3f98fbf234db0bcc8cc10e9726"
  integrity sha1-GhkY1ALY/D+Y+/I02wvMjMEOlyY=
  dependencies:
    thenify ">= 3.1.0 < 4"

"thenify@>= 3.1.0 < 4":
  version "3.3.0"
  resolved "https://registry.yarnpkg.com/thenify/-/thenify-3.3.0.tgz#e69e38a1babe969b0108207978b9f62b88604839"
  integrity sha1-5p44obq+lpsBCCB5eLn2K4hgSDk=
  dependencies:
    any-promise "^1.0.0"
